
Microsoft Visual Studio Solution File, Format Version 12.00
# Visual Studio Version 17
VisualStudioVersion = 17.9.34728.123
MinimumVisualStudioVersion = 10.0.40219.1
Project("{9A19103F-16F7-4668-BE54-9A1E7A4F7556}") = "WinServiceController", "WinServiceController\WinServiceController.csproj", "{62CCAFD2-335D-4361-A628-AE9C91F3813B}"
EndProject
Global
	GlobalSection(SolutionConfigurationPlatforms) = preSolution
		Debug|Any CPU = Debug|Any CPU
		Debug|x64 = Debug|x64
		Release|Any CPU = Release|Any CPU
		Release|x64 = Release|x64
	EndGlobalSection
	GlobalSection(ProjectConfigurationPlatforms) = postSolution
		{62CCAFD2-335D-4361-A628-AE9C91F3813B}.Debug|Any CPU.ActiveCfg = Debug|Any CPU
		{62CCAFD2-335D-4361-A628-AE9C91F3813B}.Debug|Any CPU.Build.0 = Debug|Any CPU
		{62CCAFD2-335D-4361-A628-AE9C91F3813B}.Debug|x64.ActiveCfg = Debug|x64
		{62CCAFD2-335D-4361-A628-AE9C91F3813B}.Debug|x64.Build.0 = Debug|x64
		{62CCAFD2-335D-4361-A628-AE9C91F3813B}.Release|Any CPU.ActiveCfg = Release|Any CPU
		{62CCAFD2-335D-4361-A628-AE9C91F3813B}.Release|Any CPU.Build.0 = Release|Any CPU
		{62CCAFD2-335D-4361-A628-AE9C91F3813B}.Release|x64.ActiveCfg = Release|x64
		{62CCAFD2-335D-4361-A628-AE9C91F3813B}.Release|x64.Build.0 = Release|x64
	EndGlobalSection
	GlobalSection(SolutionProperties) = preSolution
		HideSolutionNode = FALSE
	EndGlobalSection
	GlobalSection(ExtensibilityGlobals) = postSolution
		SolutionGuid = {8BDD320C-1A22-470A-A02C-9E90C5B3A43F}
	EndGlobalSection
EndGlobal
